
Microsoft Visual Studio Solution File, Format Version 12.00
# Visual Studio Version 17
VisualStudioVersion = 17.13.35825.156 d17.13
MinimumVisualStudioVersion = 10.0.40219.1
Project("{FAE04EC0-301F-11D3-BF4B-00C04F79EFBC}") = "Assignment_1", "Assignment_1.csproj", "{539D6DED-CC65-49F3-B2E1-79909E5308C2}"
EndProject
Global
	GlobalSection(SolutionConfigurationPlatforms) = preSolution
		Debug|Any CPU = Debug|Any CPU
		Release|Any CPU = Release|Any CPU
	EndGlobalSection
	GlobalSection(ProjectConfigurationPlatforms) = postSolution
		{539D6DED-CC65-49F3-B2E1-79909E5308C2}.Debug|Any CPU.ActiveCfg = Debug|Any CPU
		{539D6DED-CC65-49F3-B2E1-79909E5308C2}.Debug|Any CPU.Build.0 = Debug|Any CPU
		{539D6DED-CC65-49F3-B2E1-79909E5308C2}.Release|Any CPU.ActiveCfg = Release|Any CPU
		{539D6DED-CC65-49F3-B2E1-79909E5308C2}.Release|Any CPU.Build.0 = Release|Any CPU
	EndGlobalSection
	GlobalSection(SolutionProperties) = preSolution
		HideSolutionNode = FALSE
	EndGlobalSection
	GlobalSection(ExtensibilityGlobals) = postSolution
		SolutionGuid = {2A4FD976-87CF-43DE-9A03-8DADC2ECBC77}
	EndGlobalSection
EndGlobal
