
Microsoft Visual Studio Solution File, Format Version 12.00
# Visual Studio Version 17
VisualStudioVersion = 17.13.35825.156 d17.13
MinimumVisualStudioVersion = 10.0.40219.1
Project("{FAE04EC0-301F-11D3-BF4B-00C04F79EFBC}") = "Assignment_2", "Assignment_2.csproj", "{AEA69738-5B50-46C0-8FF8-1977C62B2C5C}"
EndProject
Global
	GlobalSection(SolutionConfigurationPlatforms) = preSolution
		Debug|Any CPU = Debug|Any CPU
		Release|Any CPU = Release|Any CPU
	EndGlobalSection
	GlobalSection(ProjectConfigurationPlatforms) = postSolution
		{AEA69738-5B50-46C0-8FF8-1977C62B2C5C}.Debug|Any CPU.ActiveCfg = Debug|Any CPU
		{AEA69738-5B50-46C0-8FF8-1977C62B2C5C}.Debug|Any CPU.Build.0 = Debug|Any CPU
		{AEA69738-5B50-46C0-8FF8-1977C62B2C5C}.Release|Any CPU.ActiveCfg = Release|Any CPU
		{AEA69738-5B50-46C0-8FF8-1977C62B2C5C}.Release|Any CPU.Build.0 = Release|Any CPU
	EndGlobalSection
	GlobalSection(SolutionProperties) = preSolution
		HideSolutionNode = FALSE
	EndGlobalSection
	GlobalSection(ExtensibilityGlobals) = postSolution
		SolutionGuid = {9D945D1F-3E2E-45FF-B955-58FC68BD74BF}
	EndGlobalSection
EndGlobal
